
Microsoft Visual Studio Solution File, Format Version 12.00
# Visual Studio 15
VisualStudioVersion = 15.0.26124.0
MinimumVisualStudioVersion = 15.0.26124.0
Project("{FAE04EC0-301F-11D3-BF4B-00C04F79EFBC}") = "DAL", "DAL\DAL.csproj", "{8327668A-DD75-4806-9654-B922DD74C590}"
EndProject
Project("{FAE04EC0-301F-11D3-BF4B-00C04F79EFBC}") = "DAL.Test", "DAL.Test\DAL.Test.csproj", "{C4569E40-F7E7-45B4-A063-3C6571E0C814}"
EndProject
Project("{FAE04EC0-301F-11D3-BF4B-00C04F79EFBC}") = "BL", "BL\BL.csproj", "{FEC2FF1B-927E-480D-86C9-0C5E755FF379}"
EndProject
Project("{FAE04EC0-301F-11D3-BF4B-00C04F79EFBC}") = "BL.Test", "BL.Test\BL.Test.csproj", "{70232E4F-E29D-4922-9674-701E3539DC86}"
EndProject
Project("{FAE04EC0-301F-11D3-BF4B-00C04F79EFBC}") = "Persitence", "Persitence\Persitence.csproj", "{5E4068B0-7967-40AC-BE9E-BBE2BA3117DE}"
EndProject
Project("{FAE04EC0-301F-11D3-BF4B-00C04F79EFBC}") = "PL", "PL\PL.csproj", "{25DDD8F5-054C-4A91-9D95-A82370EDDE06}"
EndProject
Global
	GlobalSection(SolutionConfigurationPlatforms) = preSolution
		Debug|Any CPU = Debug|Any CPU
		Debug|x64 = Debug|x64
		Debug|x86 = Debug|x86
		Release|Any CPU = Release|Any CPU
		Release|x64 = Release|x64
		Release|x86 = Release|x86
	EndGlobalSection
	GlobalSection(SolutionProperties) = preSolution
		HideSolutionNode = FALSE
	EndGlobalSection
	GlobalSection(ProjectConfigurationPlatforms) = postSolution
		{8327668A-DD75-4806-9654-B922DD74C590}.Debug|Any CPU.ActiveCfg = Debug|Any CPU
		{8327668A-DD75-4806-9654-B922DD74C590}.Debug|Any CPU.Build.0 = Debug|Any CPU
		{8327668A-DD75-4806-9654-B922DD74C590}.Debug|x64.ActiveCfg = Debug|Any CPU
		{8327668A-DD75-4806-9654-B922DD74C590}.Debug|x64.Build.0 = Debug|Any CPU
		{8327668A-DD75-4806-9654-B922DD74C590}.Debug|x86.ActiveCfg = Debug|Any CPU
		{8327668A-DD75-4806-9654-B922DD74C590}.Debug|x86.Build.0 = Debug|Any CPU
		{8327668A-DD75-4806-9654-B922DD74C590}.Release|Any CPU.ActiveCfg = Release|Any CPU
		{8327668A-DD75-4806-9654-B922DD74C590}.Release|Any CPU.Build.0 = Release|Any CPU
		{8327668A-DD75-4806-9654-B922DD74C590}.Release|x64.ActiveCfg = Release|Any CPU
		{8327668A-DD75-4806-9654-B922DD74C590}.Release|x64.Build.0 = Release|Any CPU
		{8327668A-DD75-4806-9654-B922DD74C590}.Release|x86.ActiveCfg = Release|Any CPU
		{8327668A-DD75-4806-9654-B922DD74C590}.Release|x86.Build.0 = Release|Any CPU
		{C4569E40-F7E7-45B4-A063-3C6571E0C814}.Debug|Any CPU.ActiveCfg = Debug|Any CPU
		{C4569E40-F7E7-45B4-A063-3C6571E0C814}.Debug|Any CPU.Build.0 = Debug|Any CPU
		{C4569E40-F7E7-45B4-A063-3C6571E0C814}.Debug|x64.ActiveCfg = Debug|Any CPU
		{C4569E40-F7E7-45B4-A063-3C6571E0C814}.Debug|x64.Build.0 = Debug|Any CPU
		{C4569E40-F7E7-45B4-A063-3C6571E0C814}.Debug|x86.ActiveCfg = Debug|Any CPU
		{C4569E40-F7E7-45B4-A063-3C6571E0C814}.Debug|x86.Build.0 = Debug|Any CPU
		{C4569E40-F7E7-45B4-A063-3C6571E0C814}.Release|Any CPU.ActiveCfg = Release|Any CPU
		{C4569E40-F7E7-45B4-A063-3C6571E0C814}.Release|Any CPU.Build.0 = Release|Any CPU
		{C4569E40-F7E7-45B4-A063-3C6571E0C814}.Release|x64.ActiveCfg = Release|Any CPU
		{C4569E40-F7E7-45B4-A063-3C6571E0C814}.Release|x64.Build.0 = Release|Any CPU
		{C4569E40-F7E7-45B4-A063-3C6571E0C814}.Release|x86.ActiveCfg = Release|Any CPU
		{C4569E40-F7E7-45B4-A063-3C6571E0C814}.Release|x86.Build.0 = Release|Any CPU
		{FEC2FF1B-927E-480D-86C9-0C5E755FF379}.Debug|Any CPU.ActiveCfg = Debug|Any CPU
		{FEC2FF1B-927E-480D-86C9-0C5E755FF379}.Debug|Any CPU.Build.0 = Debug|Any CPU
		{FEC2FF1B-927E-480D-86C9-0C5E755FF379}.Debug|x64.ActiveCfg = Debug|Any CPU
		{FEC2FF1B-927E-480D-86C9-0C5E755FF379}.Debug|x64.Build.0 = Debug|Any CPU
		{FEC2FF1B-927E-480D-86C9-0C5E755FF379}.Debug|x86.ActiveCfg = Debug|Any CPU
		{FEC2FF1B-927E-480D-86C9-0C5E755FF379}.Debug|x86.Build.0 = Debug|Any CPU
		{FEC2FF1B-927E-480D-86C9-0C5E755FF379}.Release|Any CPU.ActiveCfg = Release|Any CPU
		{FEC2FF1B-927E-480D-86C9-0C5E755FF379}.Release|Any CPU.Build.0 = Release|Any CPU
		{FEC2FF1B-927E-480D-86C9-0C5E755FF379}.Release|x64.ActiveCfg = Release|Any CPU
		{FEC2FF1B-927E-480D-86C9-0C5E755FF379}.Release|x64.Build.0 = Release|Any CPU
		{FEC2FF1B-927E-480D-86C9-0C5E755FF379}.Release|x86.ActiveCfg = Release|Any CPU
		{FEC2FF1B-927E-480D-86C9-0C5E755FF379}.Release|x86.Build.0 = Release|Any CPU
		{70232E4F-E29D-4922-9674-701E3539DC86}.Debug|Any CPU.ActiveCfg = Debug|Any CPU
		{70232E4F-E29D-4922-9674-701E3539DC86}.Debug|Any CPU.Build.0 = Debug|Any CPU
		{70232E4F-E29D-4922-9674-701E3539DC86}.Debug|x64.ActiveCfg = Debug|Any CPU
		{70232E4F-E29D-4922-9674-701E3539DC86}.Debug|x64.Build.0 = Debug|Any CPU
		{70232E4F-E29D-4922-9674-701E3539DC86}.Debug|x86.ActiveCfg = Debug|Any CPU
		{70232E4F-E29D-4922-9674-701E3539DC86}.Debug|x86.Build.0 = Debug|Any CPU
		{70232E4F-E29D-4922-9674-701E3539DC86}.Release|Any CPU.ActiveCfg = Release|Any CPU
		{70232E4F-E29D-4922-9674-701E3539DC86}.Release|Any CPU.Build.0 = Release|Any CPU
		{70232E4F-E29D-4922-9674-701E3539DC86}.Release|x64.ActiveCfg = Release|Any CPU
		{70232E4F-E29D-4922-9674-701E3539DC86}.Release|x64.Build.0 = Release|Any CPU
		{70232E4F-E29D-4922-9674-701E3539DC86}.Release|x86.ActiveCfg = Release|Any CPU
		{70232E4F-E29D-4922-9674-701E3539DC86}.Release|x86.Build.0 = Release|Any CPU
		{5E4068B0-7967-40AC-BE9E-BBE2BA3117DE}.Debug|Any CPU.ActiveCfg = Debug|Any CPU
		{5E4068B0-7967-40AC-BE9E-BBE2BA3117DE}.Debug|Any CPU.Build.0 = Debug|Any CPU
		{5E4068B0-7967-40AC-BE9E-BBE2BA3117DE}.Debug|x64.ActiveCfg = Debug|Any CPU
		{5E4068B0-7967-40AC-BE9E-BBE2BA3117DE}.Debug|x64.Build.0 = Debug|Any CPU
		{5E4068B0-7967-40AC-BE9E-BBE2BA3117DE}.Debug|x86.ActiveCfg = Debug|Any CPU
		{5E4068B0-7967-40AC-BE9E-BBE2BA3117DE}.Debug|x86.Build.0 = Debug|Any CPU
		{5E4068B0-7967-40AC-BE9E-BBE2BA3117DE}.Release|Any CPU.ActiveCfg = Release|Any CPU
		{5E4068B0-7967-40AC-BE9E-BBE2BA3117DE}.Release|Any CPU.Build.0 = Release|Any CPU
		{5E4068B0-7967-40AC-BE9E-BBE2BA3117DE}.Release|x64.ActiveCfg = Release|Any CPU
		{5E4068B0-7967-40AC-BE9E-BBE2BA3117DE}.Release|x64.Build.0 = Release|Any CPU
		{5E4068B0-7967-40AC-BE9E-BBE2BA3117DE}.Release|x86.ActiveCfg = Release|Any CPU
		{5E4068B0-7967-40AC-BE9E-BBE2BA3117DE}.Release|x86.Build.0 = Release|Any CPU
		{25DDD8F5-054C-4A91-9D95-A82370EDDE06}.Debug|Any CPU.ActiveCfg = Debug|Any CPU
		{25DDD8F5-054C-4A91-9D95-A82370EDDE06}.Debug|Any CPU.Build.0 = Debug|Any CPU
		{25DDD8F5-054C-4A91-9D95-A82370EDDE06}.Debug|x64.ActiveCfg = Debug|Any CPU
		{25DDD8F5-054C-4A91-9D95-A82370EDDE06}.Debug|x64.Build.0 = Debug|Any CPU
		{25DDD8F5-054C-4A91-9D95-A82370EDDE06}.Debug|x86.ActiveCfg = Debug|Any CPU
		{25DDD8F5-054C-4A91-9D95-A82370EDDE06}.Debug|x86.Build.0 = Debug|Any CPU
		{25DDD8F5-054C-4A91-9D95-A82370EDDE06}.Release|Any CPU.ActiveCfg = Release|Any CPU
		{25DDD8F5-054C-4A91-9D95-A82370EDDE06}.Release|Any CPU.Build.0 = Release|Any CPU
		{25DDD8F5-054C-4A91-9D95-A82370EDDE06}.Release|x64.ActiveCfg = Release|Any CPU
		{25DDD8F5-054C-4A91-9D95-A82370EDDE06}.Release|x64.Build.0 = Release|Any CPU
		{25DDD8F5-054C-4A91-9D95-A82370EDDE06}.Release|x86.ActiveCfg = Release|Any CPU
		{25DDD8F5-054C-4A91-9D95-A82370EDDE06}.Release|x86.Build.0 = Release|Any CPU
	EndGlobalSection
EndGlobal
